
Microsoft Visual Studio Solution File, Format Version 12.00
# Visual Studio Version 16
VisualStudioVersion = 16.0.29503.13
MinimumVisualStudioVersion = 10.0.40219.1
Project("{9A19103F-16F7-4668-BE54-9A1E7A4F7556}") = "RestApi", "RestApi\RestApi.csproj", "{2A0CAFAC-F156-4267-A49B-929D9521E038}"
EndProject
Project("{9A19103F-16F7-4668-BE54-9A1E7A4F7556}") = "RestApiTests", "RestApiTests\RestApiTests.csproj", "{5F0FFEBA-5CF2-4EA3-AB2D-C3AF2F8414C3}"
EndProject
Project("{FAE04EC0-301F-11D3-BF4B-00C04F79EFBC}") = "RestApi.DatabaseAccess", "RestApi.DatabaseAccess\RestApi.DatabaseAccess.csproj", "{497B7850-D854-4B70-B1AF-7422EBA5B6F6}"
EndProject
Project("{FAE04EC0-301F-11D3-BF4B-00C04F79EFBC}") = "RestApi.Data", "RestApi.Data\RestApi.Data.csproj", "{65C07AD8-F076-4B3E-ABA6-9ED0C7032A4C}"
EndProject
Project("{FAE04EC0-301F-11D3-BF4B-00C04F79EFBC}") = "TestConsole", "TestConsole\TestConsole.csproj", "{6158E4C6-DF13-42AA-ABF0-5BFBE7389FE5}"
EndProject
Global
	GlobalSection(SolutionConfigurationPlatforms) = preSolution
		Debug|Any CPU = Debug|Any CPU
		Release|Any CPU = Release|Any CPU
	EndGlobalSection
	GlobalSection(ProjectConfigurationPlatforms) = postSolution
		{2A0CAFAC-F156-4267-A49B-929D9521E038}.Debug|Any CPU.ActiveCfg = Debug|Any CPU
		{2A0CAFAC-F156-4267-A49B-929D9521E038}.Debug|Any CPU.Build.0 = Debug|Any CPU
		{2A0CAFAC-F156-4267-A49B-929D9521E038}.Release|Any CPU.ActiveCfg = Release|Any CPU
		{2A0CAFAC-F156-4267-A49B-929D9521E038}.Release|Any CPU.Build.0 = Release|Any CPU
		{5F0FFEBA-5CF2-4EA3-AB2D-C3AF2F8414C3}.Debug|Any CPU.ActiveCfg = Debug|Any CPU
		{5F0FFEBA-5CF2-4EA3-AB2D-C3AF2F8414C3}.Debug|Any CPU.Build.0 = Debug|Any CPU
		{5F0FFEBA-5CF2-4EA3-AB2D-C3AF2F8414C3}.Release|Any CPU.ActiveCfg = Release|Any CPU
		{5F0FFEBA-5CF2-4EA3-AB2D-C3AF2F8414C3}.Release|Any CPU.Build.0 = Release|Any CPU
		{497B7850-D854-4B70-B1AF-7422EBA5B6F6}.Debug|Any CPU.ActiveCfg = Debug|Any CPU
		{497B7850-D854-4B70-B1AF-7422EBA5B6F6}.Debug|Any CPU.Build.0 = Debug|Any CPU
		{497B7850-D854-4B70-B1AF-7422EBA5B6F6}.Release|Any CPU.ActiveCfg = Release|Any CPU
		{497B7850-D854-4B70-B1AF-7422EBA5B6F6}.Release|Any CPU.Build.0 = Release|Any CPU
		{65C07AD8-F076-4B3E-ABA6-9ED0C7032A4C}.Debug|Any CPU.ActiveCfg = Debug|Any CPU
		{65C07AD8-F076-4B3E-ABA6-9ED0C7032A4C}.Debug|Any CPU.Build.0 = Debug|Any CPU
		{65C07AD8-F076-4B3E-ABA6-9ED0C7032A4C}.Release|Any CPU.ActiveCfg = Release|Any CPU
		{65C07AD8-F076-4B3E-ABA6-9ED0C7032A4C}.Release|Any CPU.Build.0 = Release|Any CPU
		{6158E4C6-DF13-42AA-ABF0-5BFBE7389FE5}.Debug|Any CPU.ActiveCfg = Debug|Any CPU
		{6158E4C6-DF13-42AA-ABF0-5BFBE7389FE5}.Debug|Any CPU.Build.0 = Debug|Any CPU
		{6158E4C6-DF13-42AA-ABF0-5BFBE7389FE5}.Release|Any CPU.ActiveCfg = Release|Any CPU
		{6158E4C6-DF13-42AA-ABF0-5BFBE7389FE5}.Release|Any CPU.Build.0 = Release|Any CPU
	EndGlobalSection
	GlobalSection(SolutionProperties) = preSolution
		HideSolutionNode = FALSE
	EndGlobalSection
	GlobalSection(ExtensibilityGlobals) = postSolution
		SolutionGuid = {FB0E1413-F426-4210-9360-4DF6613AB776}
	EndGlobalSection
EndGlobal
