
Microsoft Visual Studio Solution File, Format Version 12.00
# Visual Studio Version 16
VisualStudioVersion = 16.0.29503.13
MinimumVisualStudioVersion = 10.0.40219.1
Project("{FAE04EC0-301F-11D3-BF4B-00C04F79EFBC}") = "RestApi", "RestApi\RestApi.csproj", "{2A0CAFAC-F156-4267-A49B-929D9521E038}"
EndProject
Global
	GlobalSection(SolutionConfigurationPlatforms) = preSolution
		Debug|Any CPU = Debug|Any CPU
		Release|Any CPU = Release|Any CPU
	EndGlobalSection
	GlobalSection(ProjectConfigurationPlatforms) = postSolution
		{2A0CAFAC-F156-4267-A49B-929D9521E038}.Debug|Any CPU.ActiveCfg = Debug|Any CPU
		{2A0CAFAC-F156-4267-A49B-929D9521E038}.Debug|Any CPU.Build.0 = Debug|Any CPU
		{2A0CAFAC-F156-4267-A49B-929D9521E038}.Release|Any CPU.ActiveCfg = Release|Any CPU
		{2A0CAFAC-F156-4267-A49B-929D9521E038}.Release|Any CPU.Build.0 = Release|Any CPU
	EndGlobalSection
	GlobalSection(SolutionProperties) = preSolution
		HideSolutionNode = FALSE
	EndGlobalSection
	GlobalSection(ExtensibilityGlobals) = postSolution
		SolutionGuid = {FB0E1413-F426-4210-9360-4DF6613AB776}
	EndGlobalSection
EndGlobal
